Microsoft Visual Studio Solution File, Format Version 11.00
# Visual Studio 2010
Project("{8BC9CEB8-8B4A-11D0-8D11-00A0C91BC942}") = "dosbox", "dosbox.vcxproj", "{B6D98DAA-5456-DED3-E7CD-E9F20EACAC14}"
EndProject
Global
	GlobalSection(SolutionConfigurationPlatforms) = preSolution
		Debug|Default = Debug|Default
		Release|Default = Release|Default
	EndGlobalSection
	GlobalSection(ProjectConfigurationPlatforms) = postSolution
		{B6D98DAA-5456-DED3-E7CD-E9F20EACAC14}.Debug|Default.ActiveCfg = Debug|Win32
		{B6D98DAA-5456-DED3-E7CD-E9F20EACAC14}.Debug|Default.Build.0 = Debug|Win32
		{B6D98DAA-5456-DED3-E7CD-E9F20EACAC14}.Release|Default.ActiveCfg = Release|Win32
		{B6D98DAA-5456-DED3-E7CD-E9F20EACAC14}.Release|Default.Build.0 = Release|Win32
	EndGlobalSection
	GlobalSection(SolutionProperties) = preSolution
		HideSolutionNode = FALSE
	EndGlobalSection
EndGlobal
